
Microsoft Visual Studio Solution File, Format Version 12.00
# Visual Studio Version 17
VisualStudioVersion = 17.2.32526.322
MinimumVisualStudioVersion = 10.0.40219.1
Project("{9A19103F-16F7-4668-BE54-9A1E7A4F7556}") = "PrintPreview.WPF", "PrintPreview.WPF\PrintPreview.WPF.csproj", "{FA58FD88-F9C2-4517-A5E9-03178732BD12}"
EndProject
Project("{9A19103F-16F7-4668-BE54-9A1E7A4F7556}") = "PrintPreview.WPF.Test", "PrintPreview.WPF.Test\PrintPreview.WPF.Test.csproj", "{3840E70B-D900-43C2-A612-11F0FF917FD9}"
EndProject
Global
	GlobalSection(SolutionConfigurationPlatforms) = preSolution
		Debug|Any CPU = Debug|Any CPU
		Release|Any CPU = Release|Any CPU
	EndGlobalSection
	GlobalSection(ProjectConfigurationPlatforms) = postSolution
		{FA58FD88-F9C2-4517-A5E9-03178732BD12}.Debug|Any CPU.ActiveCfg = Debug|Any CPU
		{FA58FD88-F9C2-4517-A5E9-03178732BD12}.Debug|Any CPU.Build.0 = Debug|Any CPU
		{FA58FD88-F9C2-4517-A5E9-03178732BD12}.Release|Any CPU.ActiveCfg = Release|Any CPU
		{FA58FD88-F9C2-4517-A5E9-03178732BD12}.Release|Any CPU.Build.0 = Release|Any CPU
		{3840E70B-D900-43C2-A612-11F0FF917FD9}.Debug|Any CPU.ActiveCfg = Debug|Any CPU
		{3840E70B-D900-43C2-A612-11F0FF917FD9}.Debug|Any CPU.Build.0 = Debug|Any CPU
		{3840E70B-D900-43C2-A612-11F0FF917FD9}.Release|Any CPU.ActiveCfg = Release|Any CPU
		{3840E70B-D900-43C2-A612-11F0FF917FD9}.Release|Any CPU.Build.0 = Release|Any CPU
	EndGlobalSection
	GlobalSection(SolutionProperties) = preSolution
		HideSolutionNode = FALSE
	EndGlobalSection
	GlobalSection(ExtensibilityGlobals) = postSolution
		SolutionGuid = {6A500739-E506-4A94-B650-6D967CDC61E7}
	EndGlobalSection
EndGlobal
